
Microsoft Visual Studio Solution File, Format Version 12.00
# Visual Studio 15
VisualStudioVersion = 15.0.28010.2036
MinimumVisualStudioVersion = 10.0.40219.1
Project("{2150E333-8FDC-42A3-9474-1A3956D46DE8}") = "Candidate", "Candidate", "{0B1A6CB1-4DFE-40D4-904C-6542F693B64D}"
EndProject
Project("{2150E333-8FDC-42A3-9474-1A3956D46DE8}") = "Identity", "Identity", "{C24E054A-AA70-4B6C-AF3D-AEB83DAE4B5A}"
EndProject
Project("{9A19103F-16F7-4668-BE54-9A1E7A4F7556}") = "Irvine.Candidate.WebSPA", "Irvine.Candidate.WebSPA\Irvine.Candidate.WebSPA.csproj", "{8EEACC21-D4B6-45BD-90D3-807290FCF544}"
EndProject
Project("{9A19103F-16F7-4668-BE54-9A1E7A4F7556}") = "Irvine.Candidate.Domain", "Irvine.Candidate.Domain\Irvine.Candidate.Domain.csproj", "{DBD07A65-178D-494B-B6B4-658D1AB1D9F2}"
EndProject
Project("{9A19103F-16F7-4668-BE54-9A1E7A4F7556}") = "Irvine.Candidate.Infrastructure", "Irvine.Candidate.Infrastructure\Irvine.Candidate.Infrastructure.csproj", "{AF94585B-DAD0-4690-8A95-2F1B8C9DA54D}"
EndProject
Project("{2150E333-8FDC-42A3-9474-1A3956D46DE8}") = "BuildingBlocks", "BuildingBlocks", "{58A381CF-D3A9-45CB-8C57-DC1FD2774673}"
EndProject
Project("{2150E333-8FDC-42A3-9474-1A3956D46DE8}") = "DataProtection", "DataProtection", "{C17BF5A1-7419-44DC-BF62-C0D2ABBC4BAA}"
EndProject
Project("{9A19103F-16F7-4668-BE54-9A1E7A4F7556}") = "DataProtection", "BuildingBlocks\DataProtection\DataProtection\DataProtection.csproj", "{2EB84AD0-4521-4654-AE57-04234E6FE42E}"
EndProject
Project("{2150E333-8FDC-42A3-9474-1A3956D46DE8}") = "EventBus", "EventBus", "{95835E0E-FAEB-4353-A472-E3ED62264438}"
EndProject
Project("{2150E333-8FDC-42A3-9474-1A3956D46DE8}") = "EventBus", "EventBus", "{BB7B0D18-B5FA-48F9-99ED-C6D3529A2E20}"
EndProject
Project("{9A19103F-16F7-4668-BE54-9A1E7A4F7556}") = "EventBus", "BuildingBlocks\EventBus\EventBus\EventBus.csproj", "{529CD404-BE11-4173-BBB6-C1A784B48091}"
EndProject
Project("{2150E333-8FDC-42A3-9474-1A3956D46DE8}") = "EventBusRabbitMQ", "EventBusRabbitMQ", "{DFDC781E-A25C-4ED5-8CB7-1296FEBBCFD0}"
EndProject
Project("{2150E333-8FDC-42A3-9474-1A3956D46DE8}") = "EventBusServiceBus", "EventBusServiceBus", "{450567C9-DA7A-4A0D-9730-1D9E3E5E3A64}"
EndProject
Project("{2150E333-8FDC-42A3-9474-1A3956D46DE8}") = "IntegrationEventLogEF", "IntegrationEventLogEF", "{5EEBE702-0566-496B-B4A4-5B6244E077F1}"
EndProject
Project("{9A19103F-16F7-4668-BE54-9A1E7A4F7556}") = "EventBusRabbitMQ", "BuildingBlocks\EventBus\EventBusRabbitMQ\EventBusRabbitMQ.csproj", "{4E0D8003-A363-44E2-A0D2-F46BA2E3233A}"
EndProject
Project("{9A19103F-16F7-4668-BE54-9A1E7A4F7556}") = "EventBusServiceBus", "BuildingBlocks\EventBus\EventBusServiceBus\EventBusServiceBus.csproj", "{D28F3881-0033-4F11-B443-97B5F62071F0}"
EndProject
Project("{9A19103F-16F7-4668-BE54-9A1E7A4F7556}") = "IntegrationEventLogEF", "BuildingBlocks\EventBus\IntegrationEventLogEF\IntegrationEventLogEF.csproj", "{58A42150-AC20-4400-9BFC-3327991C3D65}"
EndProject
Project("{2150E333-8FDC-42A3-9474-1A3956D46DE8}") = "HealthChecks", "HealthChecks", "{2FDCA605-F6C3-4AE1-9280-20D828E6C170}"
EndProject
Project("{2150E333-8FDC-42A3-9474-1A3956D46DE8}") = "src", "src", "{24BC20FE-8BE4-473D-A9C3-1D287C87109D}"
EndProject
Project("{2150E333-8FDC-42A3-9474-1A3956D46DE8}") = "common", "common", "{D30853DC-60E6-4A46-BDD2-B90CB510B4BC}"
	ProjectSection(SolutionItems) = preProject
		BuildingBlocks\HealthChecks\src\common\Guard.cs = BuildingBlocks\HealthChecks\src\common\Guard.cs
	EndProjectSection
EndProject
Project("{2150E333-8FDC-42A3-9474-1A3956D46DE8}") = "Microsoft.AspNetCore.HealthChecks", "Microsoft.AspNetCore.HealthChecks", "{8A370B91-1A76-45FC-A89E-219DE5165F47}"
EndProject
Project("{9A19103F-16F7-4668-BE54-9A1E7A4F7556}") = "Microsoft.AspNetCore.HealthChecks", "BuildingBlocks\HealthChecks\src\Microsoft.AspNetCore.HealthChecks\Microsoft.AspNetCore.HealthChecks.csproj", "{C0063383-79A7-4EB2-9D94-4BD0285BE65B}"
EndProject
Project("{2150E333-8FDC-42A3-9474-1A3956D46DE8}") = "Microsoft.Extensions.HealthChecks", "Microsoft.Extensions.HealthChecks", "{FEFFBEB7-1E0B-4BD3-AF20-B2DCEC2C868E}"
EndProject
Project("{9A19103F-16F7-4668-BE54-9A1E7A4F7556}") = "Microsoft.Extensions.HealthChecks", "BuildingBlocks\HealthChecks\src\Microsoft.Extensions.HealthChecks\Microsoft.Extensions.HealthChecks.csproj", "{D4F96E61-5CF0-4B7E-B992-52EF29F756CE}"
EndProject
Project("{2150E333-8FDC-42A3-9474-1A3956D46DE8}") = "Microsoft.Extensions.HealthChecks.AzureStorage", "Microsoft.Extensions.HealthChecks.AzureStorage", "{CB295BE9-B4CB-49E4-A3C2-F0E37C0CF6A7}"
EndProject
Project("{9A19103F-16F7-4668-BE54-9A1E7A4F7556}") = "Microsoft.Extensions.HealthChecks.AzureStorage", "BuildingBlocks\HealthChecks\src\Microsoft.Extensions.HealthChecks.AzureStorage\Microsoft.Extensions.HealthChecks.AzureStorage.csproj", "{AA795837-F5FD-47B6-8816-DAA9AEF18485}"
EndProject
Project("{2150E333-8FDC-42A3-9474-1A3956D46DE8}") = "Microsoft.Extensions.HealthChecks.SqlServer", "Microsoft.Extensions.HealthChecks.SqlServer", "{940CA367-47D2-445C-83A2-DC981E2AD615}"
EndProject
Project("{9A19103F-16F7-4668-BE54-9A1E7A4F7556}") = "Microsoft.Extensions.HealthChecks.SqlServer", "BuildingBlocks\HealthChecks\src\Microsoft.Extensions.HealthChecks.SqlServer\Microsoft.Extensions.HealthChecks.SqlServer.csproj", "{92AD2515-C08A-4681-8E8D-35373CF2C026}"
EndProject
Project("{2150E333-8FDC-42A3-9474-1A3956D46DE8}") = "Infrastructure", "Infrastructure", "{2D360C36-02F1-4340-B23E-5BB487609F2A}"
EndProject
Project("{2150E333-8FDC-42A3-9474-1A3956D46DE8}") = "Infrastructure.Services", "Infrastructure.Services", "{A3D6A9A8-3449-4554-96D8-332921D5B6AE}"
EndProject
Project("{9A19103F-16F7-4668-BE54-9A1E7A4F7556}") = "Infrastructure.Services", "BuildingBlocks\Infrastructure\Infrastructure.Services\Infrastructure.Services.csproj", "{E8766945-D0FB-4F0C-B125-2E1C6DB43A2E}"
EndProject
Project("{2150E333-8FDC-42A3-9474-1A3956D46DE8}") = "Resilience", "Resilience", "{01B02BE3-B5DD-4DDF-8C56-F26054A7E53F}"
EndProject
Project("{2150E333-8FDC-42A3-9474-1A3956D46DE8}") = "Resilience.Http", "Resilience.Http", "{46EE4B61-7950-43F3-B278-BD39D2EB7198}"
EndProject
Project("{9A19103F-16F7-4668-BE54-9A1E7A4F7556}") = "Resilience.Http", "BuildingBlocks\Resilience\Resilience.Http\Resilience.Http.csproj", "{00DF430E-91F1-4934-BC64-5857D1A0CE7A}"
EndProject
Project("{2150E333-8FDC-42A3-9474-1A3956D46DE8}") = "WebHost", "WebHost", "{5D3733FC-B118-4CBF-931B-69B139747D4F}"
EndProject
Project("{2150E333-8FDC-42A3-9474-1A3956D46DE8}") = "WebHost.Customization", "WebHost.Customization", "{34FCD112-B123-4C6A-A3F8-73F10B583DD4}"
EndProject
Project("{9A19103F-16F7-4668-BE54-9A1E7A4F7556}") = "WebHost.Customization", "BuildingBlocks\WebHost\WebHost.Customization\WebHost.Customization.csproj", "{DDB28A3D-18B7-4F1F-ACDB-5B194F82125B}"
EndProject
Project("{2150E333-8FDC-42A3-9474-1A3956D46DE8}") = "SeedWork", "SeedWork", "{72FFF8F5-8A47-4FF0-9B60-3FF8F7B63066}"
EndProject
Project("{2150E333-8FDC-42A3-9474-1A3956D46DE8}") = "SeedWork.Domain", "SeedWork.Domain", "{0A77AD4B-4AE3-42B3-B94B-48F84DAB8B73}"
EndProject
Project("{9A19103F-16F7-4668-BE54-9A1E7A4F7556}") = "SeedWork.Domain", "BuildingBlocks\SeedWork\SeedWork.Domain\SeedWork.Domain.csproj", "{EC16BFED-EA29-43C8-BD45-4400E75EA284}"
EndProject
Global
	GlobalSection(SolutionConfigurationPlatforms) = preSolution
		Debug|Any CPU = Debug|Any CPU
		Release|Any CPU = Release|Any CPU
	EndGlobalSection
	GlobalSection(ProjectConfigurationPlatforms) = postSolution
		{8EEACC21-D4B6-45BD-90D3-807290FCF544}.Debug|Any CPU.ActiveCfg = Debug|Any CPU
		{8EEACC21-D4B6-45BD-90D3-807290FCF544}.Debug|Any CPU.Build.0 = Debug|Any CPU
		{8EEACC21-D4B6-45BD-90D3-807290FCF544}.Release|Any CPU.ActiveCfg = Release|Any CPU
		{8EEACC21-D4B6-45BD-90D3-807290FCF544}.Release|Any CPU.Build.0 = Release|Any CPU
		{DBD07A65-178D-494B-B6B4-658D1AB1D9F2}.Debug|Any CPU.ActiveCfg = Debug|Any CPU
		{DBD07A65-178D-494B-B6B4-658D1AB1D9F2}.Debug|Any CPU.Build.0 = Debug|Any CPU
		{DBD07A65-178D-494B-B6B4-658D1AB1D9F2}.Release|Any CPU.ActiveCfg = Release|Any CPU
		{DBD07A65-178D-494B-B6B4-658D1AB1D9F2}.Release|Any CPU.Build.0 = Release|Any CPU
		{AF94585B-DAD0-4690-8A95-2F1B8C9DA54D}.Debug|Any CPU.ActiveCfg = Debug|Any CPU
		{AF94585B-DAD0-4690-8A95-2F1B8C9DA54D}.Debug|Any CPU.Build.0 = Debug|Any CPU
		{AF94585B-DAD0-4690-8A95-2F1B8C9DA54D}.Release|Any CPU.ActiveCfg = Release|Any CPU
		{AF94585B-DAD0-4690-8A95-2F1B8C9DA54D}.Release|Any CPU.Build.0 = Release|Any CPU
		{2EB84AD0-4521-4654-AE57-04234E6FE42E}.Debug|Any CPU.ActiveCfg = Debug|Any CPU
		{2EB84AD0-4521-4654-AE57-04234E6FE42E}.Debug|Any CPU.Build.0 = Debug|Any CPU
		{2EB84AD0-4521-4654-AE57-04234E6FE42E}.Release|Any CPU.ActiveCfg = Release|Any CPU
		{2EB84AD0-4521-4654-AE57-04234E6FE42E}.Release|Any CPU.Build.0 = Release|Any CPU
		{529CD404-BE11-4173-BBB6-C1A784B48091}.Debug|Any CPU.ActiveCfg = Debug|Any CPU
		{529CD404-BE11-4173-BBB6-C1A784B48091}.Debug|Any CPU.Build.0 = Debug|Any CPU
		{529CD404-BE11-4173-BBB6-C1A784B48091}.Release|Any CPU.ActiveCfg = Release|Any CPU
		{529CD404-BE11-4173-BBB6-C1A784B48091}.Release|Any CPU.Build.0 = Release|Any CPU
		{4E0D8003-A363-44E2-A0D2-F46BA2E3233A}.Debug|Any CPU.ActiveCfg = Debug|Any CPU
		{4E0D8003-A363-44E2-A0D2-F46BA2E3233A}.Debug|Any CPU.Build.0 = Debug|Any CPU
		{4E0D8003-A363-44E2-A0D2-F46BA2E3233A}.Release|Any CPU.ActiveCfg = Release|Any CPU
		{4E0D8003-A363-44E2-A0D2-F46BA2E3233A}.Release|Any CPU.Build.0 = Release|Any CPU
		{D28F3881-0033-4F11-B443-97B5F62071F0}.Debug|Any CPU.ActiveCfg = Debug|Any CPU
		{D28F3881-0033-4F11-B443-97B5F62071F0}.Debug|Any CPU.Build.0 = Debug|Any CPU
		{D28F3881-0033-4F11-B443-97B5F62071F0}.Release|Any CPU.ActiveCfg = Release|Any CPU
		{D28F3881-0033-4F11-B443-97B5F62071F0}.Release|Any CPU.Build.0 = Release|Any CPU
		{58A42150-AC20-4400-9BFC-3327991C3D65}.Debug|Any CPU.ActiveCfg = Debug|Any CPU
		{58A42150-AC20-4400-9BFC-3327991C3D65}.Debug|Any CPU.Build.0 = Debug|Any CPU
		{58A42150-AC20-4400-9BFC-3327991C3D65}.Release|Any CPU.ActiveCfg = Release|Any CPU
		{58A42150-AC20-4400-9BFC-3327991C3D65}.Release|Any CPU.Build.0 = Release|Any CPU
		{C0063383-79A7-4EB2-9D94-4BD0285BE65B}.Debug|Any CPU.ActiveCfg = Debug|Any CPU
		{C0063383-79A7-4EB2-9D94-4BD0285BE65B}.Debug|Any CPU.Build.0 = Debug|Any CPU
		{C0063383-79A7-4EB2-9D94-4BD0285BE65B}.Release|Any CPU.ActiveCfg = Release|Any CPU
		{C0063383-79A7-4EB2-9D94-4BD0285BE65B}.Release|Any CPU.Build.0 = Release|Any CPU
		{D4F96E61-5CF0-4B7E-B992-52EF29F756CE}.Debug|Any CPU.ActiveCfg = Debug|Any CPU
		{D4F96E61-5CF0-4B7E-B992-52EF29F756CE}.Debug|Any CPU.Build.0 = Debug|Any CPU
		{D4F96E61-5CF0-4B7E-B992-52EF29F756CE}.Release|Any CPU.ActiveCfg = Release|Any CPU
		{D4F96E61-5CF0-4B7E-B992-52EF29F756CE}.Release|Any CPU.Build.0 = Release|Any CPU
		{AA795837-F5FD-47B6-8816-DAA9AEF18485}.Debug|Any CPU.ActiveCfg = Debug|Any CPU
		{AA795837-F5FD-47B6-8816-DAA9AEF18485}.Debug|Any CPU.Build.0 = Debug|Any CPU
		{AA795837-F5FD-47B6-8816-DAA9AEF18485}.Release|Any CPU.ActiveCfg = Release|Any CPU
		{AA795837-F5FD-47B6-8816-DAA9AEF18485}.Release|Any CPU.Build.0 = Release|Any CPU
		{92AD2515-C08A-4681-8E8D-35373CF2C026}.Debug|Any CPU.ActiveCfg = Debug|Any CPU
		{92AD2515-C08A-4681-8E8D-35373CF2C026}.Debug|Any CPU.Build.0 = Debug|Any CPU
		{92AD2515-C08A-4681-8E8D-35373CF2C026}.Release|Any CPU.ActiveCfg = Release|Any CPU
		{92AD2515-C08A-4681-8E8D-35373CF2C026}.Release|Any CPU.Build.0 = Release|Any CPU
		{E8766945-D0FB-4F0C-B125-2E1C6DB43A2E}.Debug|Any CPU.ActiveCfg = Debug|Any CPU
		{E8766945-D0FB-4F0C-B125-2E1C6DB43A2E}.Debug|Any CPU.Build.0 = Debug|Any CPU
		{E8766945-D0FB-4F0C-B125-2E1C6DB43A2E}.Release|Any CPU.ActiveCfg = Release|Any CPU
		{E8766945-D0FB-4F0C-B125-2E1C6DB43A2E}.Release|Any CPU.Build.0 = Release|Any CPU
		{00DF430E-91F1-4934-BC64-5857D1A0CE7A}.Debug|Any CPU.ActiveCfg = Debug|Any CPU
		{00DF430E-91F1-4934-BC64-5857D1A0CE7A}.Debug|Any CPU.Build.0 = Debug|Any CPU
		{00DF430E-91F1-4934-BC64-5857D1A0CE7A}.Release|Any CPU.ActiveCfg = Release|Any CPU
		{00DF430E-91F1-4934-BC64-5857D1A0CE7A}.Release|Any CPU.Build.0 = Release|Any CPU
		{DDB28A3D-18B7-4F1F-ACDB-5B194F82125B}.Debug|Any CPU.ActiveCfg = Debug|Any CPU
		{DDB28A3D-18B7-4F1F-ACDB-5B194F82125B}.Debug|Any CPU.Build.0 = Debug|Any CPU
		{DDB28A3D-18B7-4F1F-ACDB-5B194F82125B}.Release|Any CPU.ActiveCfg = Release|Any CPU
		{DDB28A3D-18B7-4F1F-ACDB-5B194F82125B}.Release|Any CPU.Build.0 = Release|Any CPU
		{EC16BFED-EA29-43C8-BD45-4400E75EA284}.Debug|Any CPU.ActiveCfg = Debug|Any CPU
		{EC16BFED-EA29-43C8-BD45-4400E75EA284}.Debug|Any CPU.Build.0 = Debug|Any CPU
		{EC16BFED-EA29-43C8-BD45-4400E75EA284}.Release|Any CPU.ActiveCfg = Release|Any CPU
		{EC16BFED-EA29-43C8-BD45-4400E75EA284}.Release|Any CPU.Build.0 = Release|Any CPU
	EndGlobalSection
	GlobalSection(SolutionProperties) = preSolution
		HideSolutionNode = FALSE
	EndGlobalSection
	GlobalSection(NestedProjects) = preSolution
		{8EEACC21-D4B6-45BD-90D3-807290FCF544} = {0B1A6CB1-4DFE-40D4-904C-6542F693B64D}
		{DBD07A65-178D-494B-B6B4-658D1AB1D9F2} = {0B1A6CB1-4DFE-40D4-904C-6542F693B64D}
		{AF94585B-DAD0-4690-8A95-2F1B8C9DA54D} = {0B1A6CB1-4DFE-40D4-904C-6542F693B64D}
		{C17BF5A1-7419-44DC-BF62-C0D2ABBC4BAA} = {58A381CF-D3A9-45CB-8C57-DC1FD2774673}
		{2EB84AD0-4521-4654-AE57-04234E6FE42E} = {C17BF5A1-7419-44DC-BF62-C0D2ABBC4BAA}
		{95835E0E-FAEB-4353-A472-E3ED62264438} = {58A381CF-D3A9-45CB-8C57-DC1FD2774673}
		{BB7B0D18-B5FA-48F9-99ED-C6D3529A2E20} = {95835E0E-FAEB-4353-A472-E3ED62264438}
		{529CD404-BE11-4173-BBB6-C1A784B48091} = {BB7B0D18-B5FA-48F9-99ED-C6D3529A2E20}
		{DFDC781E-A25C-4ED5-8CB7-1296FEBBCFD0} = {95835E0E-FAEB-4353-A472-E3ED62264438}
		{450567C9-DA7A-4A0D-9730-1D9E3E5E3A64} = {95835E0E-FAEB-4353-A472-E3ED62264438}
		{5EEBE702-0566-496B-B4A4-5B6244E077F1} = {95835E0E-FAEB-4353-A472-E3ED62264438}
		{4E0D8003-A363-44E2-A0D2-F46BA2E3233A} = {DFDC781E-A25C-4ED5-8CB7-1296FEBBCFD0}
		{D28F3881-0033-4F11-B443-97B5F62071F0} = {450567C9-DA7A-4A0D-9730-1D9E3E5E3A64}
		{58A42150-AC20-4400-9BFC-3327991C3D65} = {5EEBE702-0566-496B-B4A4-5B6244E077F1}
		{2FDCA605-F6C3-4AE1-9280-20D828E6C170} = {58A381CF-D3A9-45CB-8C57-DC1FD2774673}
		{24BC20FE-8BE4-473D-A9C3-1D287C87109D} = {2FDCA605-F6C3-4AE1-9280-20D828E6C170}
		{D30853DC-60E6-4A46-BDD2-B90CB510B4BC} = {24BC20FE-8BE4-473D-A9C3-1D287C87109D}
		{8A370B91-1A76-45FC-A89E-219DE5165F47} = {24BC20FE-8BE4-473D-A9C3-1D287C87109D}
		{C0063383-79A7-4EB2-9D94-4BD0285BE65B} = {8A370B91-1A76-45FC-A89E-219DE5165F47}
		{FEFFBEB7-1E0B-4BD3-AF20-B2DCEC2C868E} = {24BC20FE-8BE4-473D-A9C3-1D287C87109D}
		{D4F96E61-5CF0-4B7E-B992-52EF29F756CE} = {FEFFBEB7-1E0B-4BD3-AF20-B2DCEC2C868E}
		{CB295BE9-B4CB-49E4-A3C2-F0E37C0CF6A7} = {24BC20FE-8BE4-473D-A9C3-1D287C87109D}
		{AA795837-F5FD-47B6-8816-DAA9AEF18485} = {CB295BE9-B4CB-49E4-A3C2-F0E37C0CF6A7}
		{940CA367-47D2-445C-83A2-DC981E2AD615} = {24BC20FE-8BE4-473D-A9C3-1D287C87109D}
		{92AD2515-C08A-4681-8E8D-35373CF2C026} = {940CA367-47D2-445C-83A2-DC981E2AD615}
		{2D360C36-02F1-4340-B23E-5BB487609F2A} = {58A381CF-D3A9-45CB-8C57-DC1FD2774673}
		{A3D6A9A8-3449-4554-96D8-332921D5B6AE} = {2D360C36-02F1-4340-B23E-5BB487609F2A}
		{E8766945-D0FB-4F0C-B125-2E1C6DB43A2E} = {A3D6A9A8-3449-4554-96D8-332921D5B6AE}
		{01B02BE3-B5DD-4DDF-8C56-F26054A7E53F} = {58A381CF-D3A9-45CB-8C57-DC1FD2774673}
		{46EE4B61-7950-43F3-B278-BD39D2EB7198} = {01B02BE3-B5DD-4DDF-8C56-F26054A7E53F}
		{00DF430E-91F1-4934-BC64-5857D1A0CE7A} = {46EE4B61-7950-43F3-B278-BD39D2EB7198}
		{5D3733FC-B118-4CBF-931B-69B139747D4F} = {58A381CF-D3A9-45CB-8C57-DC1FD2774673}
		{34FCD112-B123-4C6A-A3F8-73F10B583DD4} = {5D3733FC-B118-4CBF-931B-69B139747D4F}
		{DDB28A3D-18B7-4F1F-ACDB-5B194F82125B} = {34FCD112-B123-4C6A-A3F8-73F10B583DD4}
		{72FFF8F5-8A47-4FF0-9B60-3FF8F7B63066} = {58A381CF-D3A9-45CB-8C57-DC1FD2774673}
		{0A77AD4B-4AE3-42B3-B94B-48F84DAB8B73} = {72FFF8F5-8A47-4FF0-9B60-3FF8F7B63066}
		{EC16BFED-EA29-43C8-BD45-4400E75EA284} = {0A77AD4B-4AE3-42B3-B94B-48F84DAB8B73}
	EndGlobalSection
	GlobalSection(ExtensibilityGlobals) = postSolution
		SolutionGuid = {6F63F4CC-93FE-475F-9ED0-5CF050C58935}
	EndGlobalSection
EndGlobal
